
Microsoft Visual Studio Solution File, Format Version 12.00
# Visual Studio 15
VisualStudioVersion = 15.0.27428.2037
MinimumVisualStudioVersion = 10.0.40219.1
Project("{FAE04EC0-301F-11D3-BF4B-00C04F79EFBC}") = "MvvmLightXamarinListViews", "MvvmLightXamarinListViews\MvvmLightXamarinListViews.csproj", "{0027F248-A3A9-4455-9F60-D1F2AD27ADC7}"
EndProject
Project("{FAE04EC0-301F-11D3-BF4B-00C04F79EFBC}") = "MvvmLightXamarinListViews.Core", "MvvmLightXamarinListViews.Core\MvvmLightXamarinListViews.Core.csproj", "{99F529D2-4520-4A6C-A5E3-1EEFC8AFC5B9}"
EndProject
Global
	GlobalSection(SolutionConfigurationPlatforms) = preSolution
		Debug|Any CPU = Debug|Any CPU
		Debug|iPhone = Debug|iPhone
		Debug|iPhoneSimulator = Debug|iPhoneSimulator
		Release|Any CPU = Release|Any CPU
		Release|iPhone = Release|iPhone
		Release|iPhoneSimulator = Release|iPhoneSimulator
	EndGlobalSection
	GlobalSection(ProjectConfigurationPlatforms) = postSolution
		{0027F248-A3A9-4455-9F60-D1F2AD27ADC7}.Debug|Any CPU.ActiveCfg = Debug|iPhone
		{0027F248-A3A9-4455-9F60-D1F2AD27ADC7}.Debug|iPhone.ActiveCfg = Debug|iPhone
		{0027F248-A3A9-4455-9F60-D1F2AD27ADC7}.Debug|iPhone.Build.0 = Debug|iPhone
		{0027F248-A3A9-4455-9F60-D1F2AD27ADC7}.Debug|iPhoneSimulator.ActiveCfg = Debug|iPhoneSimulator
		{0027F248-A3A9-4455-9F60-D1F2AD27ADC7}.Debug|iPhoneSimulator.Build.0 = Debug|iPhoneSimulator
		{0027F248-A3A9-4455-9F60-D1F2AD27ADC7}.Release|Any CPU.ActiveCfg = Release|iPhone
		{0027F248-A3A9-4455-9F60-D1F2AD27ADC7}.Release|iPhone.ActiveCfg = Release|iPhone
		{0027F248-A3A9-4455-9F60-D1F2AD27ADC7}.Release|iPhone.Build.0 = Release|iPhone
		{0027F248-A3A9-4455-9F60-D1F2AD27ADC7}.Release|iPhoneSimulator.ActiveCfg = Release|iPhoneSimulator
		{0027F248-A3A9-4455-9F60-D1F2AD27ADC7}.Release|iPhoneSimulator.Build.0 = Release|iPhoneSimulator
		{99F529D2-4520-4A6C-A5E3-1EEFC8AFC5B9}.Debug|Any CPU.ActiveCfg = Debug|Any CPU
		{99F529D2-4520-4A6C-A5E3-1EEFC8AFC5B9}.Debug|Any CPU.Build.0 = Debug|Any CPU
		{99F529D2-4520-4A6C-A5E3-1EEFC8AFC5B9}.Debug|iPhone.ActiveCfg = Debug|Any CPU
		{99F529D2-4520-4A6C-A5E3-1EEFC8AFC5B9}.Debug|iPhone.Build.0 = Debug|Any CPU
		{99F529D2-4520-4A6C-A5E3-1EEFC8AFC5B9}.Debug|iPhoneSimulator.ActiveCfg = Debug|Any CPU
		{99F529D2-4520-4A6C-A5E3-1EEFC8AFC5B9}.Debug|iPhoneSimulator.Build.0 = Debug|Any CPU
		{99F529D2-4520-4A6C-A5E3-1EEFC8AFC5B9}.Release|Any CPU.ActiveCfg = Release|Any CPU
		{99F529D2-4520-4A6C-A5E3-1EEFC8AFC5B9}.Release|Any CPU.Build.0 = Release|Any CPU
		{99F529D2-4520-4A6C-A5E3-1EEFC8AFC5B9}.Release|iPhone.ActiveCfg = Release|Any CPU
		{99F529D2-4520-4A6C-A5E3-1EEFC8AFC5B9}.Release|iPhone.Build.0 = Release|Any CPU
		{99F529D2-4520-4A6C-A5E3-1EEFC8AFC5B9}.Release|iPhoneSimulator.ActiveCfg = Release|Any CPU
		{99F529D2-4520-4A6C-A5E3-1EEFC8AFC5B9}.Release|iPhoneSimulator.Build.0 = Release|Any CPU
	EndGlobalSection
	GlobalSection(SolutionProperties) = preSolution
		HideSolutionNode = FALSE
	EndGlobalSection
	GlobalSection(ExtensibilityGlobals) = postSolution
		SolutionGuid = {9A8866E9-099E-44FF-9ECA-137032D22777}
	EndGlobalSection
EndGlobal
